<?xml version="1.0" encoding="utf-8"?>
<Project ToolsVersion="4.0" xmlns="http://schemas.microsoft.com/developer/msbuild/2003">
  <ItemGroup>
    <Filter Include="muduo">
      <UniqueIdentifier>{93995380-89BD-4b04-88EB-625FBE52EBFB}</UniqueIdentifier>
      <Extensions>h;hh;hpp;hxx;hm;inl;inc;xsd</Extensions>
    </Filter>
    <Filter Include="muduo\base">
      <UniqueIdentifier>{10268349-abac-4b71-8fee-6133afa1cdd7}</UniqueIdentifier>
    </Filter>
    <Filter Include="muduo_contrib">
      <UniqueIdentifier>{4FC737F1-C7A5-4376-A066-2A32D752A2FF}</UniqueIdentifier>
      <Extensions>cpp;c;cc;cxx;def;odl;idl;hpj;bat;asm;asmx</Extensions>
    </Filter>
    <Filter Include="muduo_kcp_support">
      <UniqueIdentifier>{67DA6AB6-F800-4c08-8B7A-83BB121AAD01}</UniqueIdentifier>
      <Extensions>rc;ico;cur;bmp;dlg;rc2;rct;bin;rgs;gif;jpg;jpeg;jpe;resx;tiff;tif;png;wav;mfcribbon-ms</Extensions>
    </Filter>
    <Filter Include="muduo\net">
      <UniqueIdentifier>{4be05a5f-384f-42a2-b41d-8816c6835905}</UniqueIdentifier>
    </Filter>
    <Filter Include="muduo\net\poller">
      <UniqueIdentifier>{bf2ddd45-7e27-479a-8553-ddb84f081a6b}</UniqueIdentifier>
    </Filter>
    <Filter Include="muduo_contrib\hiredis">
      <UniqueIdentifier>{e5458f11-736d-4b90-9866-f8091ecde939}</UniqueIdentifier>
    </Filter>
    <Filter Include="lualib">
      <UniqueIdentifier>{4e437fe6-64d8-491a-ab4f-bf0603ca4206}</UniqueIdentifier>
    </Filter>
    <Filter Include="lualib\lua53">
      <UniqueIdentifier>{e6f97984-3168-48fc-a212-8c57ecd89d73}</UniqueIdentifier>
    </Filter>
    <Filter Include="concurrent_queue">
      <UniqueIdentifier>{8a56e1ae-3e5a-4def-a48d-116a26b5ebc3}</UniqueIdentifier>
    </Filter>
    <Filter Include="inih">
      <UniqueIdentifier>{ae792e25-2d47-4feb-aceb-219335d57e5c}</UniqueIdentifier>
    </Filter>
    <Filter Include="inih\include">
      <UniqueIdentifier>{37f22a41-b7bc-4820-9df9-3a575a5fba49}</UniqueIdentifier>
    </Filter>
    <Filter Include="inih\lib">
      <UniqueIdentifier>{f81b1ea0-963d-4394-a584-501ea90d134e}</UniqueIdentifier>
    </Filter>
    <Filter Include="kcp_annotated">
      <UniqueIdentifier>{3191639a-a1ac-47af-a64c-f4894b1ba156}</UniqueIdentifier>
    </Filter>
  </ItemGroup>
  <ItemGroup>
    <ClInclude Include="..\..\lib\muduo\base\Atomic.h">
      <Filter>muduo\base</Filter>
    </ClInclude>
    <ClInclude Include="..\..\lib\muduo\base\Condition.h">
      <Filter>muduo\base</Filter>
    </ClInclude>
    <ClInclude Include="..\..\lib\muduo\base\copyable.h">
      <Filter>muduo\base</Filter>
    </ClInclude>
    <ClInclude Include="..\..\lib\muduo\base\CountDownLatch.h">
      <Filter>muduo\base</Filter>
    </ClInclude>
    <ClInclude Include="..\..\lib\muduo\base\CurrentThread.h">
      <Filter>muduo\base</Filter>
    </ClInclude>
    <ClInclude Include="..\..\lib\muduo\base\Date.h">
      <Filter>muduo\base</Filter>
    </ClInclude>
    <ClInclude Include="..\..\lib\muduo\base\Exception.h">
      <Filter>muduo\base</Filter>
    </ClInclude>
    <ClInclude Include="..\..\lib\muduo\base\Logging.h">
      <Filter>muduo\base</Filter>
    </ClInclude>
    <ClInclude Include="..\..\lib\muduo\base\LogStream.h">
      <Filter>muduo\base</Filter>
    </ClInclude>
    <ClInclude Include="..\..\lib\muduo\base\Mutex.h">
      <Filter>muduo\base</Filter>
    </ClInclude>
    <ClInclude Include="..\..\lib\muduo\base\noncopyable.h">
      <Filter>muduo\base</Filter>
    </ClInclude>
    <ClInclude Include="..\..\lib\muduo\base\StringPiece.h">
      <Filter>muduo\base</Filter>
    </ClInclude>
    <ClInclude Include="..\..\lib\muduo\base\Thread.h">
      <Filter>muduo\base</Filter>
    </ClInclude>
    <ClInclude Include="..\..\lib\muduo\base\ThreadLocal.h">
      <Filter>muduo\base</Filter>
    </ClInclude>
    <ClInclude Include="..\..\lib\muduo\base\ThreadLocalSingleton.h">
      <Filter>muduo\base</Filter>
    </ClInclude>
    <ClInclude Include="..\..\lib\muduo\base\Timestamp.h">
      <Filter>muduo\base</Filter>
    </ClInclude>
    <ClInclude Include="..\..\lib\muduo\base\TimeZone.h">
      <Filter>muduo\base</Filter>
    </ClInclude>
    <ClInclude Include="..\..\lib\muduo\base\Types.h">
      <Filter>muduo\base</Filter>
    </ClInclude>
    <ClInclude Include="..\..\lib\muduo\base\WeakCallback.h">
      <Filter>muduo\base</Filter>
    </ClInclude>
    <ClInclude Include="..\..\lib\muduo\net\Acceptor.h">
      <Filter>muduo\net</Filter>
    </ClInclude>
    <ClInclude Include="..\..\lib\muduo\net\Buffer.h">
      <Filter>muduo\net</Filter>
    </ClInclude>
    <ClInclude Include="..\..\lib\muduo\net\Callbacks.h">
      <Filter>muduo\net</Filter>
    </ClInclude>
    <ClInclude Include="..\..\lib\muduo\net\Channel.h">
      <Filter>muduo\net</Filter>
    </ClInclude>
    <ClInclude Include="..\..\lib\muduo\net\Connector.h">
      <Filter>muduo\net</Filter>
    </ClInclude>
    <ClInclude Include="..\..\lib\muduo\net\Endian.h">
      <Filter>muduo\net</Filter>
    </ClInclude>
    <ClInclude Include="..\..\lib\muduo\net\EventLoop.h">
      <Filter>muduo\net</Filter>
    </ClInclude>
    <ClInclude Include="..\..\lib\muduo\net\EventLoopThread.h">
      <Filter>muduo\net</Filter>
    </ClInclude>
    <ClInclude Include="..\..\lib\muduo\net\EventLoopThreadPool.h">
      <Filter>muduo\net</Filter>
    </ClInclude>
    <ClInclude Include="..\..\lib\muduo\net\InetAddress.h">
      <Filter>muduo\net</Filter>
    </ClInclude>
    <ClInclude Include="..\..\lib\muduo\net\Poller.h">
      <Filter>muduo\net</Filter>
    </ClInclude>
    <ClInclude Include="..\..\lib\muduo\net\Socket.h">
      <Filter>muduo\net</Filter>
    </ClInclude>
    <ClInclude Include="..\..\lib\muduo\net\SocketsOps.h">
      <Filter>muduo\net</Filter>
    </ClInclude>
    <ClInclude Include="..\..\lib\muduo\net\TcpClient.h">
      <Filter>muduo\net</Filter>
    </ClInclude>
    <ClInclude Include="..\..\lib\muduo\net\TcpConnection.h">
      <Filter>muduo\net</Filter>
    </ClInclude>
    <ClInclude Include="..\..\lib\muduo\net\TcpServer.h">
      <Filter>muduo\net</Filter>
    </ClInclude>
    <ClInclude Include="..\..\lib\muduo\net\Timer.h">
      <Filter>muduo\net</Filter>
    </ClInclude>
    <ClInclude Include="..\..\lib\muduo\net\TimerId.h">
      <Filter>muduo\net</Filter>
    </ClInclude>
    <ClInclude Include="..\..\lib\muduo\net\TimerQueue.h">
      <Filter>muduo\net</Filter>
    </ClInclude>
    <ClInclude Include="..\..\lib\muduo\net\poller\EPollPoller.h">
      <Filter>muduo\net\poller</Filter>
    </ClInclude>
    <ClInclude Include="..\..\lib\muduo\net\poller\PollPoller.h">
      <Filter>muduo\net\poller</Filter>
    </ClInclude>
    <ClInclude Include="..\..\lib\muduo_contrib\hiredis\Hiredis.h">
      <Filter>muduo_contrib\hiredis</Filter>
    </ClInclude>
    <ClInclude Include="..\..\lib\muduo_kcp_support\UdpAcceptor.h">
      <Filter>muduo_kcp_support</Filter>
    </ClInclude>
    <ClInclude Include="..\..\lib\muduo_kcp_support\UdpCallbacks.h">
      <Filter>muduo_kcp_support</Filter>
    </ClInclude>
    <ClInclude Include="..\..\lib\muduo_kcp_support\UdpClient.h">
      <Filter>muduo_kcp_support</Filter>
    </ClInclude>
    <ClInclude Include="..\..\lib\muduo_kcp_support\UdpConnection.h">
      <Filter>muduo_kcp_support</Filter>
    </ClInclude>
    <ClInclude Include="..\..\lib\muduo_kcp_support\UdpConnector.h">
      <Filter>muduo_kcp_support</Filter>
    </ClInclude>
    <ClInclude Include="..\..\lib\muduo_kcp_support\UdpServer.h">
      <Filter>muduo_kcp_support</Filter>
    </ClInclude>
    <ClInclude Include="..\..\lib\muduo_kcp_support\UdpSocketsOps.h">
      <Filter>muduo_kcp_support</Filter>
    </ClInclude>
    <ClInclude Include="..\..\lib\lualib\sol.hpp">
      <Filter>lualib</Filter>
    </ClInclude>
    <ClInclude Include="..\..\lib\lualib\lua53\lapi.h">
      <Filter>lualib\lua53</Filter>
    </ClInclude>
    <ClInclude Include="..\..\lib\lualib\lua53\lauxlib.h">
      <Filter>lualib\lua53</Filter>
    </ClInclude>
    <ClInclude Include="..\..\lib\lualib\lua53\lcode.h">
      <Filter>lualib\lua53</Filter>
    </ClInclude>
    <ClInclude Include="..\..\lib\lualib\lua53\lctype.h">
      <Filter>lualib\lua53</Filter>
    </ClInclude>
    <ClInclude Include="..\..\lib\lualib\lua53\ldebug.h">
      <Filter>lualib\lua53</Filter>
    </ClInclude>
    <ClInclude Include="..\..\lib\lualib\lua53\ldo.h">
      <Filter>lualib\lua53</Filter>
    </ClInclude>
    <ClInclude Include="..\..\lib\lualib\lua53\lfunc.h">
      <Filter>lualib\lua53</Filter>
    </ClInclude>
    <ClInclude Include="..\..\lib\lualib\lua53\lgc.h">
      <Filter>lualib\lua53</Filter>
    </ClInclude>
    <ClInclude Include="..\..\lib\lualib\lua53\llex.h">
      <Filter>lualib\lua53</Filter>
    </ClInclude>
    <ClInclude Include="..\..\lib\lualib\lua53\llimits.h">
      <Filter>lualib\lua53</Filter>
    </ClInclude>
    <ClInclude Include="..\..\lib\lualib\lua53\lmem.h">
      <Filter>lualib\lua53</Filter>
    </ClInclude>
    <ClInclude Include="..\..\lib\lualib\lua53\lobject.h">
      <Filter>lualib\lua53</Filter>
    </ClInclude>
    <ClInclude Include="..\..\lib\lualib\lua53\lopcodes.h">
      <Filter>lualib\lua53</Filter>
    </ClInclude>
    <ClInclude Include="..\..\lib\lualib\lua53\lparser.h">
      <Filter>lualib\lua53</Filter>
    </ClInclude>
    <ClInclude Include="..\..\lib\lualib\lua53\lprefix.h">
      <Filter>lualib\lua53</Filter>
    </ClInclude>
    <ClInclude Include="..\..\lib\lualib\lua53\lstate.h">
      <Filter>lualib\lua53</Filter>
    </ClInclude>
    <ClInclude Include="..\..\lib\lualib\lua53\lstring.h">
      <Filter>lualib\lua53</Filter>
    </ClInclude>
    <ClInclude Include="..\..\lib\lualib\lua53\ltable.h">
      <Filter>lualib\lua53</Filter>
    </ClInclude>
    <ClInclude Include="..\..\lib\lualib\lua53\ltm.h">
      <Filter>lualib\lua53</Filter>
    </ClInclude>
    <ClInclude Include="..\..\lib\lualib\lua53\lua.h">
      <Filter>lualib\lua53</Filter>
    </ClInclude>
    <ClInclude Include="..\..\lib\lualib\lua53\lua.hpp">
      <Filter>lualib\lua53</Filter>
    </ClInclude>
    <ClInclude Include="..\..\lib\lualib\lua53\luaconf.h">
      <Filter>lualib\lua53</Filter>
    </ClInclude>
    <ClInclude Include="..\..\lib\lualib\lua53\lualib.h">
      <Filter>lualib\lua53</Filter>
    </ClInclude>
    <ClInclude Include="..\..\lib\lualib\lua53\lundump.h">
      <Filter>lualib\lua53</Filter>
    </ClInclude>
    <ClInclude Include="..\..\lib\lualib\lua53\lvm.h">
      <Filter>lualib\lua53</Filter>
    </ClInclude>
    <ClInclude Include="..\..\lib\lualib\lua53\lzio.h">
      <Filter>lualib\lua53</Filter>
    </ClInclude>
    <ClInclude Include="..\..\lib\concurrent_queue\blockingconcurrentqueue.h">
      <Filter>concurrent_queue</Filter>
    </ClInclude>
    <ClInclude Include="..\..\lib\concurrent_queue\concurrentqueue.h">
      <Filter>concurrent_queue</Filter>
    </ClInclude>
    <ClInclude Include="..\..\lib\muduo\base\ThreadPool.h">
      <Filter>muduo\base</Filter>
    </ClInclude>
    <ClInclude Include="..\..\lib\inih\include\ini.h">
      <Filter>inih\include</Filter>
    </ClInclude>
    <ClInclude Include="..\..\lib\inih\include\INIReader.h">
      <Filter>inih\include</Filter>
    </ClInclude>
    <ClInclude Include="..\..\lib\kcp_annotated\ikcp.h">
      <Filter>kcp_annotated</Filter>
    </ClInclude>
    <ClInclude Include="..\..\lib\kcp_annotated\test.h">
      <Filter>kcp_annotated</Filter>
    </ClInclude>
    <ClInclude Include="..\..\lib\kcp_annotated\KcpSession.h">
      <Filter>kcp_annotated</Filter>
    </ClInclude>
  </ItemGroup>
  <ItemGroup>
    <ClCompile Include="..\..\lib\muduo\base\Condition.cc">
      <Filter>muduo\base</Filter>
    </ClCompile>
    <ClCompile Include="..\..\lib\muduo\base\CountDownLatch.cc">
      <Filter>muduo\base</Filter>
    </ClCompile>
    <ClCompile Include="..\..\lib\muduo\base\Date.cc">
      <Filter>muduo\base</Filter>
    </ClCompile>
    <ClCompile Include="..\..\lib\muduo\base\Exception.cc">
      <Filter>muduo\base</Filter>
    </ClCompile>
    <ClCompile Include="..\..\lib\muduo\base\Logging.cc">
      <Filter>muduo\base</Filter>
    </ClCompile>
    <ClCompile Include="..\..\lib\muduo\base\LogStream.cc">
      <Filter>muduo\base</Filter>
    </ClCompile>
    <ClCompile Include="..\..\lib\muduo\base\Thread.cc">
      <Filter>muduo\base</Filter>
    </ClCompile>
    <ClCompile Include="..\..\lib\muduo\base\Timestamp.cc">
      <Filter>muduo\base</Filter>
    </ClCompile>
    <ClCompile Include="..\..\lib\muduo\base\TimeZone.cc">
      <Filter>muduo\base</Filter>
    </ClCompile>
    <ClCompile Include="..\..\lib\muduo\net\Acceptor.cc">
      <Filter>muduo\net</Filter>
    </ClCompile>
    <ClCompile Include="..\..\lib\muduo\net\Buffer.cc">
      <Filter>muduo\net</Filter>
    </ClCompile>
    <ClCompile Include="..\..\lib\muduo\net\Channel.cc">
      <Filter>muduo\net</Filter>
    </ClCompile>
    <ClCompile Include="..\..\lib\muduo\net\Connector.cc">
      <Filter>muduo\net</Filter>
    </ClCompile>
    <ClCompile Include="..\..\lib\muduo\net\EventLoop.cc">
      <Filter>muduo\net</Filter>
    </ClCompile>
    <ClCompile Include="..\..\lib\muduo\net\EventLoopThread.cc">
      <Filter>muduo\net</Filter>
    </ClCompile>
    <ClCompile Include="..\..\lib\muduo\net\EventLoopThreadPool.cc">
      <Filter>muduo\net</Filter>
    </ClCompile>
    <ClCompile Include="..\..\lib\muduo\net\InetAddress.cc">
      <Filter>muduo\net</Filter>
    </ClCompile>
    <ClCompile Include="..\..\lib\muduo\net\Poller.cc">
      <Filter>muduo\net</Filter>
    </ClCompile>
    <ClCompile Include="..\..\lib\muduo\net\Socket.cc">
      <Filter>muduo\net</Filter>
    </ClCompile>
    <ClCompile Include="..\..\lib\muduo\net\SocketsOps.cc">
      <Filter>muduo\net</Filter>
    </ClCompile>
    <ClCompile Include="..\..\lib\muduo\net\TcpClient.cc">
      <Filter>muduo\net</Filter>
    </ClCompile>
    <ClCompile Include="..\..\lib\muduo\net\TcpConnection.cc">
      <Filter>muduo\net</Filter>
    </ClCompile>
    <ClCompile Include="..\..\lib\muduo\net\TcpServer.cc">
      <Filter>muduo\net</Filter>
    </ClCompile>
    <ClCompile Include="..\..\lib\muduo\net\Timer.cc">
      <Filter>muduo\net</Filter>
    </ClCompile>
    <ClCompile Include="..\..\lib\muduo\net\TimerQueue.cc">
      <Filter>muduo\net</Filter>
    </ClCompile>
    <ClCompile Include="..\..\lib\muduo\net\poller\DefaultPoller.cc">
      <Filter>muduo\net\poller</Filter>
    </ClCompile>
    <ClCompile Include="..\..\lib\muduo\net\poller\EPollPoller.cc">
      <Filter>muduo\net\poller</Filter>
    </ClCompile>
    <ClCompile Include="..\..\lib\muduo\net\poller\PollPoller.cc">
      <Filter>muduo\net\poller</Filter>
    </ClCompile>
    <ClCompile Include="..\..\lib\muduo_contrib\hiredis\Hiredis.cc">
      <Filter>muduo_contrib\hiredis</Filter>
    </ClCompile>
    <ClCompile Include="..\..\lib\muduo_contrib\hiredis\mrediscli.cc">
      <Filter>muduo_contrib\hiredis</Filter>
    </ClCompile>
    <ClCompile Include="..\..\lib\muduo_kcp_support\UdpAcceptor.cpp">
      <Filter>muduo_kcp_support</Filter>
    </ClCompile>
    <ClCompile Include="..\..\lib\muduo_kcp_support\UdpClient.cpp">
      <Filter>muduo_kcp_support</Filter>
    </ClCompile>
    <ClCompile Include="..\..\lib\muduo_kcp_support\UdpConnection.cpp">
      <Filter>muduo_kcp_support</Filter>
    </ClCompile>
    <ClCompile Include="..\..\lib\muduo_kcp_support\UdpConnector.cpp">
      <Filter>muduo_kcp_support</Filter>
    </ClCompile>
    <ClCompile Include="..\..\lib\muduo_kcp_support\UdpServer.cpp">
      <Filter>muduo_kcp_support</Filter>
    </ClCompile>
    <ClCompile Include="..\..\lib\muduo_kcp_support\UdpSocketsOps.cpp">
      <Filter>muduo_kcp_support</Filter>
    </ClCompile>
    <ClCompile Include="..\..\lib\lualib\lua53\lapi.c">
      <Filter>lualib\lua53</Filter>
    </ClCompile>
    <ClCompile Include="..\..\lib\lualib\lua53\lauxlib.c">
      <Filter>lualib\lua53</Filter>
    </ClCompile>
    <ClCompile Include="..\..\lib\lualib\lua53\lbaselib.c">
      <Filter>lualib\lua53</Filter>
    </ClCompile>
    <ClCompile Include="..\..\lib\lualib\lua53\lbitlib.c">
      <Filter>lualib\lua53</Filter>
    </ClCompile>
    <ClCompile Include="..\..\lib\lualib\lua53\lcode.c">
      <Filter>lualib\lua53</Filter>
    </ClCompile>
    <ClCompile Include="..\..\lib\lualib\lua53\lcorolib.c">
      <Filter>lualib\lua53</Filter>
    </ClCompile>
    <ClCompile Include="..\..\lib\lualib\lua53\lctype.c">
      <Filter>lualib\lua53</Filter>
    </ClCompile>
    <ClCompile Include="..\..\lib\lualib\lua53\ldblib.c">
      <Filter>lualib\lua53</Filter>
    </ClCompile>
    <ClCompile Include="..\..\lib\lualib\lua53\ldebug.c">
      <Filter>lualib\lua53</Filter>
    </ClCompile>
    <ClCompile Include="..\..\lib\lualib\lua53\ldo.c">
      <Filter>lualib\lua53</Filter>
    </ClCompile>
    <ClCompile Include="..\..\lib\lualib\lua53\ldump.c">
      <Filter>lualib\lua53</Filter>
    </ClCompile>
    <ClCompile Include="..\..\lib\lualib\lua53\lfunc.c">
      <Filter>lualib\lua53</Filter>
    </ClCompile>
    <ClCompile Include="..\..\lib\lualib\lua53\lgc.c">
      <Filter>lualib\lua53</Filter>
    </ClCompile>
    <ClCompile Include="..\..\lib\lualib\lua53\linit.c">
      <Filter>lualib\lua53</Filter>
    </ClCompile>
    <ClCompile Include="..\..\lib\lualib\lua53\liolib.c">
      <Filter>lualib\lua53</Filter>
    </ClCompile>
    <ClCompile Include="..\..\lib\lualib\lua53\llex.c">
      <Filter>lualib\lua53</Filter>
    </ClCompile>
    <ClCompile Include="..\..\lib\lualib\lua53\lmathlib.c">
      <Filter>lualib\lua53</Filter>
    </ClCompile>
    <ClCompile Include="..\..\lib\lualib\lua53\lmem.c">
      <Filter>lualib\lua53</Filter>
    </ClCompile>
    <ClCompile Include="..\..\lib\lualib\lua53\loadlib.c">
      <Filter>lualib\lua53</Filter>
    </ClCompile>
    <ClCompile Include="..\..\lib\lualib\lua53\lobject.c">
      <Filter>lualib\lua53</Filter>
    </ClCompile>
    <ClCompile Include="..\..\lib\lualib\lua53\lopcodes.c">
      <Filter>lualib\lua53</Filter>
    </ClCompile>
    <ClCompile Include="..\..\lib\lualib\lua53\loslib.c">
      <Filter>lualib\lua53</Filter>
    </ClCompile>
    <ClCompile Include="..\..\lib\lualib\lua53\lparser.c">
      <Filter>lualib\lua53</Filter>
    </ClCompile>
    <ClCompile Include="..\..\lib\lualib\lua53\lstate.c">
      <Filter>lualib\lua53</Filter>
    </ClCompile>
    <ClCompile Include="..\..\lib\lualib\lua53\lstring.c">
      <Filter>lualib\lua53</Filter>
    </ClCompile>
    <ClCompile Include="..\..\lib\lualib\lua53\lstrlib.c">
      <Filter>lualib\lua53</Filter>
    </ClCompile>
    <ClCompile Include="..\..\lib\lualib\lua53\ltable.c">
      <Filter>lualib\lua53</Filter>
    </ClCompile>
    <ClCompile Include="..\..\lib\lualib\lua53\ltablib.c">
      <Filter>lualib\lua53</Filter>
    </ClCompile>
    <ClCompile Include="..\..\lib\lualib\lua53\ltm.c">
      <Filter>lualib\lua53</Filter>
    </ClCompile>
    <ClCompile Include="..\..\lib\lualib\lua53\lua.c">
      <Filter>lualib\lua53</Filter>
    </ClCompile>
    <ClCompile Include="..\..\lib\lualib\lua53\luac.c">
      <Filter>lualib\lua53</Filter>
    </ClCompile>
    <ClCompile Include="..\..\lib\lualib\lua53\lundump.c">
      <Filter>lualib\lua53</Filter>
    </ClCompile>
    <ClCompile Include="..\..\lib\lualib\lua53\lutf8lib.c">
      <Filter>lualib\lua53</Filter>
    </ClCompile>
    <ClCompile Include="..\..\lib\lualib\lua53\lvm.c">
      <Filter>lualib\lua53</Filter>
    </ClCompile>
    <ClCompile Include="..\..\lib\lualib\lua53\lzio.c">
      <Filter>lualib\lua53</Filter>
    </ClCompile>
    <ClCompile Include="..\..\lib\muduo\base\ThreadPool.cc">
      <Filter>muduo\base</Filter>
    </ClCompile>
    <ClCompile Include="..\..\lib\inih\lib\ini.c">
      <Filter>inih\lib</Filter>
    </ClCompile>
    <ClCompile Include="..\..\lib\inih\lib\INIReader.cpp">
      <Filter>inih\lib</Filter>
    </ClCompile>
    <ClCompile Include="..\..\lib\kcp_annotated\ikcp.c">
      <Filter>kcp_annotated</Filter>
    </ClCompile>
    <ClCompile Include="..\..\lib\kcp_annotated\test.cpp">
      <Filter>kcp_annotated</Filter>
    </ClCompile>
  </ItemGroup>
  <ItemGroup>
    <Text Include="..\..\lib\muduo_contrib\hiredis\CMakeLists.txt">
      <Filter>muduo_contrib\hiredis</Filter>
    </Text>
    <Text Include="..\..\lib\muduo_contrib\CMakeLists.txt">
      <Filter>muduo_contrib</Filter>
    </Text>
    <Text Include="..\..\lib\muduo\CMakeLists.txt">
      <Filter>muduo</Filter>
    </Text>
    <Text Include="..\..\lib\muduo_kcp_support\CMakeLists.txt">
      <Filter>muduo_kcp_support</Filter>
    </Text>
    <Text Include="..\..\lib\lualib\CMakeLists.txt">
      <Filter>lualib</Filter>
    </Text>
    <Text Include="..\..\lib\inih\include\CMakeLists.txt">
      <Filter>inih\include</Filter>
    </Text>
    <Text Include="..\..\lib\inih\lib\CMakeLists.txt">
      <Filter>inih\lib</Filter>
    </Text>
    <Text Include="..\..\lib\inih\CMakeLists.txt">
      <Filter>inih</Filter>
    </Text>
    <Text Include="..\..\lib\kcp_annotated\CMakeLists.txt">
      <Filter>kcp_annotated</Filter>
    </Text>
  </ItemGroup>
  <ItemGroup>
    <None Include="..\..\lib\muduo_contrib\hiredis\README.md">
      <Filter>muduo_contrib\hiredis</Filter>
    </None>
    <None Include="..\..\lib\lualib\lua53\Makefile">
      <Filter>lualib\lua53</Filter>
    </None>
    <None Include="..\..\lib\lualib\lua53\README">
      <Filter>lualib\lua53</Filter>
    </None>
    <None Include="..\..\lib\inih\.gitignore">
      <Filter>inih</Filter>
    </None>
    <None Include="..\..\lib\inih\inih.pc.in">
      <Filter>inih</Filter>
    </None>
    <None Include="..\..\lib\inih\inihcpp.pc.in">
      <Filter>inih</Filter>
    </None>
    <None Include="..\..\lib\inih\LICENSE">
      <Filter>inih</Filter>
    </None>
    <None Include="..\..\lib\inih\README">
      <Filter>inih</Filter>
    </None>
    <None Include="..\..\lib\kcp_annotated\README.md">
      <Filter>kcp_annotated</Filter>
    </None>
  </ItemGroup>
</Project>