<?xml version="1.0" encoding="utf-8"?>
<Project ToolsVersion="4.0" xmlns="http://schemas.microsoft.com/developer/msbuild/2003">
  <ItemGroup>
    <Filter Include="base">
      <UniqueIdentifier>{b108f404-1d9f-4efd-ab86-e1b97cbbdc59}</UniqueIdentifier>
    </Filter>
    <Filter Include="net">
      <UniqueIdentifier>{5ddca530-721e-46bd-809e-b9bf45df3dda}</UniqueIdentifier>
    </Filter>
    <Filter Include="net\poller">
      <UniqueIdentifier>{7ce0bce1-37cd-4b32-96c6-f7cac31a7cd8}</UniqueIdentifier>
    </Filter>
  </ItemGroup>
  <ItemGroup>
    <ClInclude Include="..\..\..\muduo\net\poller\EPollPoller.h">
      <Filter>net\poller</Filter>
    </ClInclude>
    <ClInclude Include="..\..\..\muduo\net\poller\PollPoller.h">
      <Filter>net\poller</Filter>
    </ClInclude>
    <ClInclude Include="..\..\muduo\base\Atomic.h">
      <Filter>base</Filter>
    </ClInclude>
    <ClInclude Include="..\..\muduo\base\Condition.h">
      <Filter>base</Filter>
    </ClInclude>
    <ClInclude Include="..\..\muduo\base\copyable.h">
      <Filter>base</Filter>
    </ClInclude>
    <ClInclude Include="..\..\muduo\base\CountDownLatch.h">
      <Filter>base</Filter>
    </ClInclude>
    <ClInclude Include="..\..\muduo\base\CurrentThread.h">
      <Filter>base</Filter>
    </ClInclude>
    <ClInclude Include="..\..\muduo\base\Date.h">
      <Filter>base</Filter>
    </ClInclude>
    <ClInclude Include="..\..\muduo\base\Exception.h">
      <Filter>base</Filter>
    </ClInclude>
    <ClInclude Include="..\..\muduo\base\Logging.h">
      <Filter>base</Filter>
    </ClInclude>
    <ClInclude Include="..\..\muduo\base\LogStream.h">
      <Filter>base</Filter>
    </ClInclude>
    <ClInclude Include="..\..\muduo\base\Mutex.h">
      <Filter>base</Filter>
    </ClInclude>
    <ClInclude Include="..\..\muduo\base\noncopyable.h">
      <Filter>base</Filter>
    </ClInclude>
    <ClInclude Include="..\..\muduo\base\StringPiece.h">
      <Filter>base</Filter>
    </ClInclude>
    <ClInclude Include="..\..\muduo\base\Thread.h">
      <Filter>base</Filter>
    </ClInclude>
    <ClInclude Include="..\..\muduo\base\ThreadLocal.h">
      <Filter>base</Filter>
    </ClInclude>
    <ClInclude Include="..\..\muduo\base\ThreadLocalSingleton.h">
      <Filter>base</Filter>
    </ClInclude>
    <ClInclude Include="..\..\muduo\base\Timestamp.h">
      <Filter>base</Filter>
    </ClInclude>
    <ClInclude Include="..\..\muduo\base\TimeZone.h">
      <Filter>base</Filter>
    </ClInclude>
    <ClInclude Include="..\..\muduo\base\Types.h">
      <Filter>base</Filter>
    </ClInclude>
    <ClInclude Include="..\..\muduo\base\WeakCallback.h">
      <Filter>base</Filter>
    </ClInclude>
    <ClInclude Include="..\..\muduo\net\Acceptor.h">
      <Filter>net</Filter>
    </ClInclude>
    <ClInclude Include="..\..\muduo\net\Buffer.h">
      <Filter>net</Filter>
    </ClInclude>
    <ClInclude Include="..\..\muduo\net\Callbacks.h">
      <Filter>net</Filter>
    </ClInclude>
    <ClInclude Include="..\..\muduo\net\Channel.h">
      <Filter>net</Filter>
    </ClInclude>
    <ClInclude Include="..\..\muduo\net\Connector.h">
      <Filter>net</Filter>
    </ClInclude>
    <ClInclude Include="..\..\muduo\net\Endian.h">
      <Filter>net</Filter>
    </ClInclude>
    <ClInclude Include="..\..\muduo\net\EventLoop.h">
      <Filter>net</Filter>
    </ClInclude>
    <ClInclude Include="..\..\muduo\net\EventLoopThread.h">
      <Filter>net</Filter>
    </ClInclude>
    <ClInclude Include="..\..\muduo\net\EventLoopThreadPool.h">
      <Filter>net</Filter>
    </ClInclude>
    <ClInclude Include="..\..\muduo\net\InetAddress.h">
      <Filter>net</Filter>
    </ClInclude>
    <ClInclude Include="..\..\muduo\net\Poller.h">
      <Filter>net</Filter>
    </ClInclude>
    <ClInclude Include="..\..\muduo\net\Socket.h">
      <Filter>net</Filter>
    </ClInclude>
    <ClInclude Include="..\..\muduo\net\SocketsOps.h">
      <Filter>net</Filter>
    </ClInclude>
    <ClInclude Include="..\..\muduo\net\TcpClient.h">
      <Filter>net</Filter>
    </ClInclude>
    <ClInclude Include="..\..\muduo\net\TcpConnection.h">
      <Filter>net</Filter>
    </ClInclude>
    <ClInclude Include="..\..\muduo\net\TcpServer.h">
      <Filter>net</Filter>
    </ClInclude>
    <ClInclude Include="..\..\muduo\net\Timer.h">
      <Filter>net</Filter>
    </ClInclude>
    <ClInclude Include="..\..\muduo\net\TimerId.h">
      <Filter>net</Filter>
    </ClInclude>
    <ClInclude Include="..\..\muduo\net\TimerQueue.h">
      <Filter>net</Filter>
    </ClInclude>
    <ClInclude Include="..\..\muduo\net\poller\EPollPoller.h">
      <Filter>net\poller</Filter>
    </ClInclude>
    <ClInclude Include="..\..\muduo\net\poller\PollPoller.h">
      <Filter>net\poller</Filter>
    </ClInclude>
  </ItemGroup>
  <ItemGroup>
    <ClCompile Include="..\..\..\muduo\net\poller\DefaultPoller.cc">
      <Filter>net\poller</Filter>
    </ClCompile>
    <ClCompile Include="..\..\..\muduo\net\poller\EPollPoller.cc">
      <Filter>net\poller</Filter>
    </ClCompile>
    <ClCompile Include="..\..\..\muduo\net\poller\PollPoller.cc">
      <Filter>net\poller</Filter>
    </ClCompile>
    <ClCompile Include="..\..\muduo\base\Condition.cc">
      <Filter>base</Filter>
    </ClCompile>
    <ClCompile Include="..\..\muduo\base\CountDownLatch.cc">
      <Filter>base</Filter>
    </ClCompile>
    <ClCompile Include="..\..\muduo\base\Date.cc">
      <Filter>base</Filter>
    </ClCompile>
    <ClCompile Include="..\..\muduo\base\Exception.cc">
      <Filter>base</Filter>
    </ClCompile>
    <ClCompile Include="..\..\muduo\base\Logging.cc">
      <Filter>base</Filter>
    </ClCompile>
    <ClCompile Include="..\..\muduo\base\LogStream.cc">
      <Filter>base</Filter>
    </ClCompile>
    <ClCompile Include="..\..\muduo\base\Thread.cc">
      <Filter>base</Filter>
    </ClCompile>
    <ClCompile Include="..\..\muduo\base\Timestamp.cc">
      <Filter>base</Filter>
    </ClCompile>
    <ClCompile Include="..\..\muduo\base\TimeZone.cc">
      <Filter>base</Filter>
    </ClCompile>
    <ClCompile Include="..\..\muduo\net\Acceptor.cc">
      <Filter>net</Filter>
    </ClCompile>
    <ClCompile Include="..\..\muduo\net\Buffer.cc">
      <Filter>net</Filter>
    </ClCompile>
    <ClCompile Include="..\..\muduo\net\Channel.cc">
      <Filter>net</Filter>
    </ClCompile>
    <ClCompile Include="..\..\muduo\net\Connector.cc">
      <Filter>net</Filter>
    </ClCompile>
    <ClCompile Include="..\..\muduo\net\EventLoop.cc">
      <Filter>net</Filter>
    </ClCompile>
    <ClCompile Include="..\..\muduo\net\EventLoopThread.cc">
      <Filter>net</Filter>
    </ClCompile>
    <ClCompile Include="..\..\muduo\net\EventLoopThreadPool.cc">
      <Filter>net</Filter>
    </ClCompile>
    <ClCompile Include="..\..\muduo\net\InetAddress.cc">
      <Filter>net</Filter>
    </ClCompile>
    <ClCompile Include="..\..\muduo\net\Poller.cc">
      <Filter>net</Filter>
    </ClCompile>
    <ClCompile Include="..\..\muduo\net\Socket.cc">
      <Filter>net</Filter>
    </ClCompile>
    <ClCompile Include="..\..\muduo\net\SocketsOps.cc">
      <Filter>net</Filter>
    </ClCompile>
    <ClCompile Include="..\..\muduo\net\TcpClient.cc">
      <Filter>net</Filter>
    </ClCompile>
    <ClCompile Include="..\..\muduo\net\TcpConnection.cc">
      <Filter>net</Filter>
    </ClCompile>
    <ClCompile Include="..\..\muduo\net\TcpServer.cc">
      <Filter>net</Filter>
    </ClCompile>
    <ClCompile Include="..\..\muduo\net\Timer.cc">
      <Filter>net</Filter>
    </ClCompile>
    <ClCompile Include="..\..\muduo\net\TimerQueue.cc">
      <Filter>net</Filter>
    </ClCompile>
    <ClCompile Include="..\..\muduo\net\poller\DefaultPoller.cc">
      <Filter>net\poller</Filter>
    </ClCompile>
    <ClCompile Include="..\..\muduo\net\poller\EPollPoller.cc">
      <Filter>net\poller</Filter>
    </ClCompile>
    <ClCompile Include="..\..\muduo\net\poller\PollPoller.cc">
      <Filter>net\poller</Filter>
    </ClCompile>
  </ItemGroup>
</Project>