<?xml version="1.0" encoding="utf-8"?>
<Project ToolsVersion="14.0" xmlns="http://schemas.microsoft.com/developer/msbuild/2003">
  <ItemGroup>
    <ClCompile Include="C:\Users\11452\Documents\github\temp\realtime_server\muduo\base\Condition.cc">
      <Filter>base</Filter>
    </ClCompile>
    <ClCompile Include="C:\Users\11452\Documents\github\temp\realtime_server\muduo\base\CountDownLatch.cc">
      <Filter>base</Filter>
    </ClCompile>
    <ClCompile Include="C:\Users\11452\Documents\github\temp\realtime_server\muduo\base\Date.cc">
      <Filter>base</Filter>
    </ClCompile>
    <ClCompile Include="C:\Users\11452\Documents\github\temp\realtime_server\muduo\base\Exception.cc">
      <Filter>base</Filter>
    </ClCompile>
    <ClCompile Include="C:\Users\11452\Documents\github\temp\realtime_server\muduo\base\LogStream.cc">
      <Filter>base</Filter>
    </ClCompile>
    <ClCompile Include="C:\Users\11452\Documents\github\temp\realtime_server\muduo\base\Logging.cc">
      <Filter>base</Filter>
    </ClCompile>
    <ClCompile Include="C:\Users\11452\Documents\github\temp\realtime_server\muduo\base\Thread.cc">
      <Filter>base</Filter>
    </ClCompile>
    <ClCompile Include="C:\Users\11452\Documents\github\temp\realtime_server\muduo\base\TimeZone.cc">
      <Filter>base</Filter>
    </ClCompile>
    <ClCompile Include="C:\Users\11452\Documents\github\temp\realtime_server\muduo\base\Timestamp.cc">
      <Filter>base</Filter>
    </ClCompile>
    <ClCompile Include="C:\Users\11452\Documents\github\temp\realtime_server\muduo\net\Acceptor.cc">
      <Filter>net</Filter>
    </ClCompile>
    <ClCompile Include="C:\Users\11452\Documents\github\temp\realtime_server\muduo\net\Buffer.cc">
      <Filter>net</Filter>
    </ClCompile>
    <ClCompile Include="C:\Users\11452\Documents\github\temp\realtime_server\muduo\net\Channel.cc">
      <Filter>net</Filter>
    </ClCompile>
    <ClCompile Include="C:\Users\11452\Documents\github\temp\realtime_server\muduo\net\Connector.cc">
      <Filter>net</Filter>
    </ClCompile>
    <ClCompile Include="C:\Users\11452\Documents\github\temp\realtime_server\muduo\net\EventLoop.cc">
      <Filter>net</Filter>
    </ClCompile>
    <ClCompile Include="C:\Users\11452\Documents\github\temp\realtime_server\muduo\net\EventLoopThread.cc">
      <Filter>net</Filter>
    </ClCompile>
    <ClCompile Include="C:\Users\11452\Documents\github\temp\realtime_server\muduo\net\EventLoopThreadPool.cc">
      <Filter>net</Filter>
    </ClCompile>
    <ClCompile Include="C:\Users\11452\Documents\github\temp\realtime_server\muduo\net\InetAddress.cc">
      <Filter>net</Filter>
    </ClCompile>
    <ClCompile Include="C:\Users\11452\Documents\github\temp\realtime_server\muduo\net\Poller.cc">
      <Filter>net</Filter>
    </ClCompile>
    <ClCompile Include="C:\Users\11452\Documents\github\temp\realtime_server\muduo\net\Socket.cc">
      <Filter>net</Filter>
    </ClCompile>
    <ClCompile Include="C:\Users\11452\Documents\github\temp\realtime_server\muduo\net\SocketsOps.cc">
      <Filter>net</Filter>
    </ClCompile>
    <ClCompile Include="C:\Users\11452\Documents\github\temp\realtime_server\muduo\net\TcpClient.cc">
      <Filter>net</Filter>
    </ClCompile>
    <ClCompile Include="C:\Users\11452\Documents\github\temp\realtime_server\muduo\net\TcpConnection.cc">
      <Filter>net</Filter>
    </ClCompile>
    <ClCompile Include="C:\Users\11452\Documents\github\temp\realtime_server\muduo\net\TcpServer.cc">
      <Filter>net</Filter>
    </ClCompile>
    <ClCompile Include="C:\Users\11452\Documents\github\temp\realtime_server\muduo\net\Timer.cc">
      <Filter>net</Filter>
    </ClCompile>
    <ClCompile Include="C:\Users\11452\Documents\github\temp\realtime_server\muduo\net\TimerQueue.cc">
      <Filter>net</Filter>
    </ClCompile>
    <ClCompile Include="C:\Users\11452\Documents\github\temp\realtime_server\muduo\net\poller\DefaultPoller.cc">
      <Filter>net\poller</Filter>
    </ClCompile>
    <ClCompile Include="C:\Users\11452\Documents\github\temp\realtime_server\muduo\net\poller\EPollPoller.cc">
      <Filter>net\poller</Filter>
    </ClCompile>
    <ClCompile Include="C:\Users\11452\Documents\github\temp\realtime_server\muduo\net\poller\PollPoller.cc">
      <Filter>net\poller</Filter>
    </ClCompile>
  </ItemGroup>
  <ItemGroup>
    <ClInclude Include="C:\Users\11452\Documents\github\temp\realtime_server\muduo\base\Atomic.h">
      <Filter>base</Filter>
    </ClInclude>
    <ClInclude Include="C:\Users\11452\Documents\github\temp\realtime_server\muduo\base\Condition.h">
      <Filter>base</Filter>
    </ClInclude>
    <ClInclude Include="C:\Users\11452\Documents\github\temp\realtime_server\muduo\base\CountDownLatch.h">
      <Filter>base</Filter>
    </ClInclude>
    <ClInclude Include="C:\Users\11452\Documents\github\temp\realtime_server\muduo\base\CurrentThread.h">
      <Filter>base</Filter>
    </ClInclude>
    <ClInclude Include="C:\Users\11452\Documents\github\temp\realtime_server\muduo\base\Date.h">
      <Filter>base</Filter>
    </ClInclude>
    <ClInclude Include="C:\Users\11452\Documents\github\temp\realtime_server\muduo\base\Exception.h">
      <Filter>base</Filter>
    </ClInclude>
    <ClInclude Include="C:\Users\11452\Documents\github\temp\realtime_server\muduo\base\LogStream.h">
      <Filter>base</Filter>
    </ClInclude>
    <ClInclude Include="C:\Users\11452\Documents\github\temp\realtime_server\muduo\base\Logging.h">
      <Filter>base</Filter>
    </ClInclude>
    <ClInclude Include="C:\Users\11452\Documents\github\temp\realtime_server\muduo\base\Mutex.h">
      <Filter>base</Filter>
    </ClInclude>
    <ClInclude Include="C:\Users\11452\Documents\github\temp\realtime_server\muduo\base\StringPiece.h">
      <Filter>base</Filter>
    </ClInclude>
    <ClInclude Include="C:\Users\11452\Documents\github\temp\realtime_server\muduo\base\Thread.h">
      <Filter>base</Filter>
    </ClInclude>
    <ClInclude Include="C:\Users\11452\Documents\github\temp\realtime_server\muduo\base\ThreadLocal.h">
      <Filter>base</Filter>
    </ClInclude>
    <ClInclude Include="C:\Users\11452\Documents\github\temp\realtime_server\muduo\base\ThreadLocalSingleton.h">
      <Filter>base</Filter>
    </ClInclude>
    <ClInclude Include="C:\Users\11452\Documents\github\temp\realtime_server\muduo\base\TimeZone.h">
      <Filter>base</Filter>
    </ClInclude>
    <ClInclude Include="C:\Users\11452\Documents\github\temp\realtime_server\muduo\base\Timestamp.h">
      <Filter>base</Filter>
    </ClInclude>
    <ClInclude Include="C:\Users\11452\Documents\github\temp\realtime_server\muduo\base\Types.h">
      <Filter>base</Filter>
    </ClInclude>
    <ClInclude Include="C:\Users\11452\Documents\github\temp\realtime_server\muduo\base\WeakCallback.h">
      <Filter>base</Filter>
    </ClInclude>
    <ClInclude Include="C:\Users\11452\Documents\github\temp\realtime_server\muduo\base\copyable.h">
      <Filter>base</Filter>
    </ClInclude>
    <ClInclude Include="C:\Users\11452\Documents\github\temp\realtime_server\muduo\base\noncopyable.h">
      <Filter>base</Filter>
    </ClInclude>
    <ClInclude Include="C:\Users\11452\Documents\github\temp\realtime_server\muduo\net\Acceptor.h">
      <Filter>net</Filter>
    </ClInclude>
    <ClInclude Include="C:\Users\11452\Documents\github\temp\realtime_server\muduo\net\Buffer.h">
      <Filter>net</Filter>
    </ClInclude>
    <ClInclude Include="C:\Users\11452\Documents\github\temp\realtime_server\muduo\net\Callbacks.h">
      <Filter>net</Filter>
    </ClInclude>
    <ClInclude Include="C:\Users\11452\Documents\github\temp\realtime_server\muduo\net\Channel.h">
      <Filter>net</Filter>
    </ClInclude>
    <ClInclude Include="C:\Users\11452\Documents\github\temp\realtime_server\muduo\net\Connector.h">
      <Filter>net</Filter>
    </ClInclude>
    <ClInclude Include="C:\Users\11452\Documents\github\temp\realtime_server\muduo\net\Endian.h">
      <Filter>net</Filter>
    </ClInclude>
    <ClInclude Include="C:\Users\11452\Documents\github\temp\realtime_server\muduo\net\EventLoop.h">
      <Filter>net</Filter>
    </ClInclude>
    <ClInclude Include="C:\Users\11452\Documents\github\temp\realtime_server\muduo\net\EventLoopThread.h">
      <Filter>net</Filter>
    </ClInclude>
    <ClInclude Include="C:\Users\11452\Documents\github\temp\realtime_server\muduo\net\EventLoopThreadPool.h">
      <Filter>net</Filter>
    </ClInclude>
    <ClInclude Include="C:\Users\11452\Documents\github\temp\realtime_server\muduo\net\InetAddress.h">
      <Filter>net</Filter>
    </ClInclude>
    <ClInclude Include="C:\Users\11452\Documents\github\temp\realtime_server\muduo\net\Poller.h">
      <Filter>net</Filter>
    </ClInclude>
    <ClInclude Include="C:\Users\11452\Documents\github\temp\realtime_server\muduo\net\Socket.h">
      <Filter>net</Filter>
    </ClInclude>
    <ClInclude Include="C:\Users\11452\Documents\github\temp\realtime_server\muduo\net\SocketsOps.h">
      <Filter>net</Filter>
    </ClInclude>
    <ClInclude Include="C:\Users\11452\Documents\github\temp\realtime_server\muduo\net\TcpClient.h">
      <Filter>net</Filter>
    </ClInclude>
    <ClInclude Include="C:\Users\11452\Documents\github\temp\realtime_server\muduo\net\TcpConnection.h">
      <Filter>net</Filter>
    </ClInclude>
    <ClInclude Include="C:\Users\11452\Documents\github\temp\realtime_server\muduo\net\TcpServer.h">
      <Filter>net</Filter>
    </ClInclude>
    <ClInclude Include="C:\Users\11452\Documents\github\temp\realtime_server\muduo\net\Timer.h">
      <Filter>net</Filter>
    </ClInclude>
    <ClInclude Include="C:\Users\11452\Documents\github\temp\realtime_server\muduo\net\TimerId.h">
      <Filter>net</Filter>
    </ClInclude>
    <ClInclude Include="C:\Users\11452\Documents\github\temp\realtime_server\muduo\net\TimerQueue.h">
      <Filter>net</Filter>
    </ClInclude>
    <ClInclude Include="C:\Users\11452\Documents\github\temp\realtime_server\muduo\net\poller\EPollPoller.h">
      <Filter>net\poller</Filter>
    </ClInclude>
    <ClInclude Include="C:\Users\11452\Documents\github\temp\realtime_server\muduo\net\poller\PollPoller.h">
      <Filter>net\poller</Filter>
    </ClInclude>
  </ItemGroup>
  <ItemGroup>
    <CustomBuild Include="C:\Users\11452\Documents\github\temp\realtime_server\muduo\CMakeLists.txt" />
  </ItemGroup>
  <ItemGroup>
    <Filter Include="base">
      <UniqueIdentifier>{1520A9C2-0AEB-3895-B971-B8B3F4A4801C}</UniqueIdentifier>
    </Filter>
    <Filter Include="net">
      <UniqueIdentifier>{0AAFF446-3796-300F-A0E8-128503A4402D}</UniqueIdentifier>
    </Filter>
    <Filter Include="net\poller">
      <UniqueIdentifier>{82C0BD75-4633-3D11-A0C6-A463D6BAD8B6}</UniqueIdentifier>
    </Filter>
  </ItemGroup>
</Project>
