<?xml version="1.0" encoding="utf-8"?>
<Project ToolsVersion="4.0" xmlns="http://schemas.microsoft.com/developer/msbuild/2003">
  <ItemGroup>
    <Filter Include="hiredis">
      <UniqueIdentifier>{c0d86a3a-103e-4540-a248-c673c4fb3f7c}</UniqueIdentifier>
    </Filter>
  </ItemGroup>
  <ItemGroup>
    <Text Include="..\..\muduo_contrib\hiredis\CMakeLists.txt">
      <Filter>hiredis</Filter>
    </Text>
    <Text Include="..\..\muduo_contrib\CMakeLists.txt" />
  </ItemGroup>
  <ItemGroup>
    <ClCompile Include="..\..\muduo_contrib\hiredis\Hiredis.cc">
      <Filter>hiredis</Filter>
    </ClCompile>
    <ClCompile Include="..\..\muduo_contrib\hiredis\mrediscli.cc">
      <Filter>hiredis</Filter>
    </ClCompile>
  </ItemGroup>
  <ItemGroup>
    <ClInclude Include="..\..\muduo_contrib\hiredis\Hiredis.h">
      <Filter>hiredis</Filter>
    </ClInclude>
  </ItemGroup>
  <ItemGroup>
    <None Include="..\..\muduo_contrib\hiredis\README.md">
      <Filter>hiredis</Filter>
    </None>
  </ItemGroup>
</Project>