Microsoft Visual Studio Solution File, Format Version 12.00
# Visual Studio 14
Project("{2150E333-8FDC-42A3-9474-1A3956D46DE8}") = "CMakePredefinedTargets", "CMakePredefinedTargets", "{AB25822D-2997-3198-A8A7-6BCEF7C7552E}"
EndProject
Project("{2150E333-8FDC-42A3-9474-1A3956D46DE8}") = "realtime_srv", "realtime_srv", "{5FE365A9-0C7A-33B9-B0A2-8DEE19EA88F0}"
EndProject
Project("{8BC9CEB8-8B4A-11D0-8D11-00A0C91BC942}") = "ALL_BUILD", "ALL_BUILD.vcxproj", "{3D310428-4929-386C-82C5-2332F12CD86E}"
	ProjectSection(ProjectDependencies) = postProject
		{2A56A83E-775A-3B4F-BC97-798EAE5C0571} = {2A56A83E-775A-3B4F-BC97-798EAE5C0571}
		{49E1F652-57D4-3C61-B49C-B0BC023FE6FD} = {49E1F652-57D4-3C61-B49C-B0BC023FE6FD}
		{0F204BF5-0207-3A30-8250-BC1D5F0827F2} = {0F204BF5-0207-3A30-8250-BC1D5F0827F2}
		{7B6930C4-4996-3CA0-8CB9-71083E1BC4D4} = {7B6930C4-4996-3CA0-8CB9-71083E1BC4D4}
		{1E3CCABC-36D4-3E8F-B222-6B30EBDE8FC1} = {1E3CCABC-36D4-3E8F-B222-6B30EBDE8FC1}
	EndProjectSection
EndProject
Project("{8BC9CEB8-8B4A-11D0-8D11-00A0C91BC942}") = "ZERO_CHECK", "ZERO_CHECK.vcxproj", "{2A56A83E-775A-3B4F-BC97-798EAE5C0571}"
	ProjectSection(ProjectDependencies) = postProject
	EndProjectSection
EndProject
Project("{8BC9CEB8-8B4A-11D0-8D11-00A0C91BC942}") = "muduo", "muduo\muduo.vcxproj", "{49E1F652-57D4-3C61-B49C-B0BC023FE6FD}"
	ProjectSection(ProjectDependencies) = postProject
		{2A56A83E-775A-3B4F-BC97-798EAE5C0571} = {2A56A83E-775A-3B4F-BC97-798EAE5C0571}
	EndProjectSection
EndProject
Project("{8BC9CEB8-8B4A-11D0-8D11-00A0C91BC942}") = "muduo_udp_support", "muduo_udp_support\muduo_udp_support.vcxproj", "{0F204BF5-0207-3A30-8250-BC1D5F0827F2}"
	ProjectSection(ProjectDependencies) = postProject
		{2A56A83E-775A-3B4F-BC97-798EAE5C0571} = {2A56A83E-775A-3B4F-BC97-798EAE5C0571}
	EndProjectSection
EndProject
Project("{8BC9CEB8-8B4A-11D0-8D11-00A0C91BC942}") = "realtime_srv", "realtime_srv\realtime_srv.vcxproj", "{7B6930C4-4996-3CA0-8CB9-71083E1BC4D4}"
	ProjectSection(ProjectDependencies) = postProject
		{2A56A83E-775A-3B4F-BC97-798EAE5C0571} = {2A56A83E-775A-3B4F-BC97-798EAE5C0571}
	EndProjectSection
EndProject
Project("{8BC9CEB8-8B4A-11D0-8D11-00A0C91BC942}") = "rts_example_for_ue4_demo", "example\for_ue4_demo\rts_example_for_ue4_demo.vcxproj", "{1E3CCABC-36D4-3E8F-B222-6B30EBDE8FC1}"
	ProjectSection(ProjectDependencies) = postProject
		{2A56A83E-775A-3B4F-BC97-798EAE5C0571} = {2A56A83E-775A-3B4F-BC97-798EAE5C0571}
	EndProjectSection
EndProject
Global
	GlobalSection(SolutionConfigurationPlatforms) = preSolution
		Debug|Win32 = Debug|Win32
		Release|Win32 = Release|Win32
		MinSizeRel|Win32 = MinSizeRel|Win32
		RelWithDebInfo|Win32 = RelWithDebInfo|Win32
	EndGlobalSection
	GlobalSection(ProjectConfigurationPlatforms) = postSolution
		{3D310428-4929-386C-82C5-2332F12CD86E}.Debug|Win32.ActiveCfg = Debug|Win32
		{3D310428-4929-386C-82C5-2332F12CD86E}.Release|Win32.ActiveCfg = Release|Win32
		{3D310428-4929-386C-82C5-2332F12CD86E}.MinSizeRel|Win32.ActiveCfg = MinSizeRel|Win32
		{3D310428-4929-386C-82C5-2332F12CD86E}.RelWithDebInfo|Win32.ActiveCfg = RelWithDebInfo|Win32
		{2A56A83E-775A-3B4F-BC97-798EAE5C0571}.Debug|Win32.ActiveCfg = Debug|Win32
		{2A56A83E-775A-3B4F-BC97-798EAE5C0571}.Debug|Win32.Build.0 = Debug|Win32
		{2A56A83E-775A-3B4F-BC97-798EAE5C0571}.Release|Win32.ActiveCfg = Release|Win32
		{2A56A83E-775A-3B4F-BC97-798EAE5C0571}.Release|Win32.Build.0 = Release|Win32
		{2A56A83E-775A-3B4F-BC97-798EAE5C0571}.MinSizeRel|Win32.ActiveCfg = MinSizeRel|Win32
		{2A56A83E-775A-3B4F-BC97-798EAE5C0571}.MinSizeRel|Win32.Build.0 = MinSizeRel|Win32
		{2A56A83E-775A-3B4F-BC97-798EAE5C0571}.RelWithDebInfo|Win32.ActiveCfg = RelWithDebInfo|Win32
		{2A56A83E-775A-3B4F-BC97-798EAE5C0571}.RelWithDebInfo|Win32.Build.0 = RelWithDebInfo|Win32
		{49E1F652-57D4-3C61-B49C-B0BC023FE6FD}.Debug|Win32.ActiveCfg = Debug|Win32
		{49E1F652-57D4-3C61-B49C-B0BC023FE6FD}.Debug|Win32.Build.0 = Debug|Win32
		{49E1F652-57D4-3C61-B49C-B0BC023FE6FD}.Release|Win32.ActiveCfg = Release|Win32
		{49E1F652-57D4-3C61-B49C-B0BC023FE6FD}.Release|Win32.Build.0 = Release|Win32
		{49E1F652-57D4-3C61-B49C-B0BC023FE6FD}.MinSizeRel|Win32.ActiveCfg = MinSizeRel|Win32
		{49E1F652-57D4-3C61-B49C-B0BC023FE6FD}.MinSizeRel|Win32.Build.0 = MinSizeRel|Win32
		{49E1F652-57D4-3C61-B49C-B0BC023FE6FD}.RelWithDebInfo|Win32.ActiveCfg = RelWithDebInfo|Win32
		{49E1F652-57D4-3C61-B49C-B0BC023FE6FD}.RelWithDebInfo|Win32.Build.0 = RelWithDebInfo|Win32
		{0F204BF5-0207-3A30-8250-BC1D5F0827F2}.Debug|Win32.ActiveCfg = Debug|Win32
		{0F204BF5-0207-3A30-8250-BC1D5F0827F2}.Debug|Win32.Build.0 = Debug|Win32
		{0F204BF5-0207-3A30-8250-BC1D5F0827F2}.Release|Win32.ActiveCfg = Release|Win32
		{0F204BF5-0207-3A30-8250-BC1D5F0827F2}.Release|Win32.Build.0 = Release|Win32
		{0F204BF5-0207-3A30-8250-BC1D5F0827F2}.MinSizeRel|Win32.ActiveCfg = MinSizeRel|Win32
		{0F204BF5-0207-3A30-8250-BC1D5F0827F2}.MinSizeRel|Win32.Build.0 = MinSizeRel|Win32
		{0F204BF5-0207-3A30-8250-BC1D5F0827F2}.RelWithDebInfo|Win32.ActiveCfg = RelWithDebInfo|Win32
		{0F204BF5-0207-3A30-8250-BC1D5F0827F2}.RelWithDebInfo|Win32.Build.0 = RelWithDebInfo|Win32
		{7B6930C4-4996-3CA0-8CB9-71083E1BC4D4}.Debug|Win32.ActiveCfg = Debug|Win32
		{7B6930C4-4996-3CA0-8CB9-71083E1BC4D4}.Debug|Win32.Build.0 = Debug|Win32
		{7B6930C4-4996-3CA0-8CB9-71083E1BC4D4}.Release|Win32.ActiveCfg = Release|Win32
		{7B6930C4-4996-3CA0-8CB9-71083E1BC4D4}.Release|Win32.Build.0 = Release|Win32
		{7B6930C4-4996-3CA0-8CB9-71083E1BC4D4}.MinSizeRel|Win32.ActiveCfg = MinSizeRel|Win32
		{7B6930C4-4996-3CA0-8CB9-71083E1BC4D4}.MinSizeRel|Win32.Build.0 = MinSizeRel|Win32
		{7B6930C4-4996-3CA0-8CB9-71083E1BC4D4}.RelWithDebInfo|Win32.ActiveCfg = RelWithDebInfo|Win32
		{7B6930C4-4996-3CA0-8CB9-71083E1BC4D4}.RelWithDebInfo|Win32.Build.0 = RelWithDebInfo|Win32
		{1E3CCABC-36D4-3E8F-B222-6B30EBDE8FC1}.Debug|Win32.ActiveCfg = Debug|Win32
		{1E3CCABC-36D4-3E8F-B222-6B30EBDE8FC1}.Debug|Win32.Build.0 = Debug|Win32
		{1E3CCABC-36D4-3E8F-B222-6B30EBDE8FC1}.Release|Win32.ActiveCfg = Release|Win32
		{1E3CCABC-36D4-3E8F-B222-6B30EBDE8FC1}.Release|Win32.Build.0 = Release|Win32
		{1E3CCABC-36D4-3E8F-B222-6B30EBDE8FC1}.MinSizeRel|Win32.ActiveCfg = MinSizeRel|Win32
		{1E3CCABC-36D4-3E8F-B222-6B30EBDE8FC1}.MinSizeRel|Win32.Build.0 = MinSizeRel|Win32
		{1E3CCABC-36D4-3E8F-B222-6B30EBDE8FC1}.RelWithDebInfo|Win32.ActiveCfg = RelWithDebInfo|Win32
		{1E3CCABC-36D4-3E8F-B222-6B30EBDE8FC1}.RelWithDebInfo|Win32.Build.0 = RelWithDebInfo|Win32
	EndGlobalSection
	GlobalSection(NestedProjects) = preSolution
		{3D310428-4929-386C-82C5-2332F12CD86E} = {AB25822D-2997-3198-A8A7-6BCEF7C7552E}
		{2A56A83E-775A-3B4F-BC97-798EAE5C0571} = {AB25822D-2997-3198-A8A7-6BCEF7C7552E}
		{49E1F652-57D4-3C61-B49C-B0BC023FE6FD} = {5FE365A9-0C7A-33B9-B0A2-8DEE19EA88F0}
		{0F204BF5-0207-3A30-8250-BC1D5F0827F2} = {5FE365A9-0C7A-33B9-B0A2-8DEE19EA88F0}
		{7B6930C4-4996-3CA0-8CB9-71083E1BC4D4} = {5FE365A9-0C7A-33B9-B0A2-8DEE19EA88F0}
		{1E3CCABC-36D4-3E8F-B222-6B30EBDE8FC1} = {5FE365A9-0C7A-33B9-B0A2-8DEE19EA88F0}
	EndGlobalSection
	GlobalSection(ExtensibilityGlobals) = postSolution
		SolutionGuid = {27FCE3C0-3D51-3530-B324-912670F18E5D}
	EndGlobalSection
	GlobalSection(ExtensibilityAddIns) = postSolution
	EndGlobalSection
EndGlobal
