<?xml version="1.0" encoding="utf-8"?>
<Project ToolsVersion="4.0" xmlns="http://schemas.microsoft.com/developer/msbuild/2003">
  <ItemGroup>
    <Filter Include="test">
      <UniqueIdentifier>{93995380-89BD-4b04-88EB-625FBE52EBFB}</UniqueIdentifier>
      <Extensions>h;hh;hpp;hxx;hm;inl;inc;xsd</Extensions>
    </Filter>
    <Filter Include="test\chat">
      <UniqueIdentifier>{4FC737F1-C7A5-4376-A066-2A32D752A2FF}</UniqueIdentifier>
      <Extensions>cpp;c;cc;cxx;def;odl;idl;hpj;bat;asm;asmx</Extensions>
    </Filter>
  </ItemGroup>
  <ItemGroup>
    <Text Include="..\..\..\muduo_udp_support\test\chat\CMakeLists.txt">
      <Filter>test\chat</Filter>
    </Text>
    <Text Include="..\..\..\muduo_udp_support\CMakeLists.txt" />
  </ItemGroup>
  <ItemGroup>
    <ClCompile Include="..\..\..\muduo_udp_support\test\chat\udpChatCli.cpp">
      <Filter>test\chat</Filter>
    </ClCompile>
    <ClCompile Include="..\..\..\muduo_udp_support\test\chat\udpChatSrv.cpp">
      <Filter>test\chat</Filter>
    </ClCompile>
    <ClCompile Include="..\..\..\muduo_udp_support\test\chat\udpChatSrv_highperformance.cpp">
      <Filter>test\chat</Filter>
    </ClCompile>
    <ClCompile Include="..\..\..\muduo_udp_support\UdpAcceptor.cpp">
      <Filter>test\chat</Filter>
    </ClCompile>
    <ClCompile Include="..\..\..\muduo_udp_support\UdpClient.cpp">
      <Filter>test\chat</Filter>
    </ClCompile>
    <ClCompile Include="..\..\..\muduo_udp_support\UdpConnection.cpp">
      <Filter>test\chat</Filter>
    </ClCompile>
    <ClCompile Include="..\..\..\muduo_udp_support\UdpConnector.cpp">
      <Filter>test\chat</Filter>
    </ClCompile>
    <ClCompile Include="..\..\..\muduo_udp_support\UdpServer.cpp">
      <Filter>test\chat</Filter>
    </ClCompile>
    <ClCompile Include="..\..\..\muduo_udp_support\UdpSocketsOps.cpp">
      <Filter>test\chat</Filter>
    </ClCompile>
  </ItemGroup>
  <ItemGroup>
    <ClInclude Include="..\..\..\muduo_udp_support\test\chat\udpChatCodec.h">
      <Filter>test\chat</Filter>
    </ClInclude>
    <ClInclude Include="..\..\..\muduo_udp_support\UdpAcceptor.h">
      <Filter>test</Filter>
    </ClInclude>
    <ClInclude Include="..\..\..\muduo_udp_support\UdpCallbacks.h">
      <Filter>test</Filter>
    </ClInclude>
    <ClInclude Include="..\..\..\muduo_udp_support\UdpClient.h">
      <Filter>test</Filter>
    </ClInclude>
    <ClInclude Include="..\..\..\muduo_udp_support\UdpConnection.h">
      <Filter>test</Filter>
    </ClInclude>
    <ClInclude Include="..\..\..\muduo_udp_support\UdpConnector.h">
      <Filter>test</Filter>
    </ClInclude>
    <ClInclude Include="..\..\..\muduo_udp_support\UdpServer.h">
      <Filter>test</Filter>
    </ClInclude>
    <ClInclude Include="..\..\..\muduo_udp_support\UdpSocketsOps.h">
      <Filter>test</Filter>
    </ClInclude>
  </ItemGroup>
</Project>