<?xml version="1.0" encoding="utf-8"?>
<Project ToolsVersion="4.0" xmlns="http://schemas.microsoft.com/developer/msbuild/2003">
  <ItemGroup>
    <ClCompile Include="..\..\example\for_ue4_demo\Character.cpp" />
    <ClCompile Include="..\..\example\for_ue4_demo\ExampleSrvForUe4Demo.cpp" />
    <ClCompile Include="..\..\example\for_ue4_demo\ExampleRedisCli.cpp" />
    <ClCompile Include="..\..\example\for_ue4_demo\CharacterLuaBind.cpp" />
    <ClCompile Include="..\..\example\for_ue4_demo\ExampleSrvForUe4DemoPlus.cpp" />
  </ItemGroup>
  <ItemGroup>
    <ClInclude Include="..\..\example\for_ue4_demo\Character.h" />
    <ClInclude Include="..\..\example\for_ue4_demo\ExampleRedisCli.h" />
    <ClInclude Include="..\..\example\for_ue4_demo\CharacterLuaBind.h" />
    <ClInclude Include="..\..\example\for_ue4_demo\ExampleInputState.h" />
  </ItemGroup>
  <ItemGroup>
    <Text Include="..\..\example\for_ue4_demo\CMakeLists.txt" />
  </ItemGroup>
  <ItemGroup>
    <None Include="..\..\example\for_ue4_demo\Character.lua" />
  </ItemGroup>
</Project>