<?xml version="1.0" encoding="utf-8"?>
<Project ToolsVersion="14.0" xmlns="http://schemas.microsoft.com/developer/msbuild/2003">
  <ItemGroup>
    <ClCompile Include="C:\Users\11452\Documents\github\temp\realtime_server\realtime_srv\common\RealTimeSrvHelper.cpp">
      <Filter>common</Filter>
    </ClCompile>
    <ClCompile Include="C:\Users\11452\Documents\github\temp\realtime_server\realtime_srv\common\RealTimeSrvTiming.cpp">
      <Filter>common</Filter>
    </ClCompile>
    <ClCompile Include="C:\Users\11452\Documents\github\temp\realtime_server\realtime_srv\entity\Action.cpp">
      <Filter>entity</Filter>
    </ClCompile>
    <ClCompile Include="C:\Users\11452\Documents\github\temp\realtime_server\realtime_srv\entity\ActionList.cpp">
      <Filter>entity</Filter>
    </ClCompile>
    <ClCompile Include="C:\Users\11452\Documents\github\temp\realtime_server\realtime_srv\entity\Entity.cpp">
      <Filter>entity</Filter>
    </ClCompile>
    <ClCompile Include="C:\Users\11452\Documents\github\temp\realtime_server\realtime_srv\entity\InputState.cpp">
      <Filter>entity</Filter>
    </ClCompile>
    <ClCompile Include="C:\Users\11452\Documents\github\temp\realtime_server\realtime_srv\math\RealTimeSrvMath.cpp">
      <Filter>math</Filter>
    </ClCompile>
    <ClCompile Include="C:\Users\11452\Documents\github\temp\realtime_server\realtime_srv\math\Vector3.cpp">
      <Filter>math</Filter>
    </ClCompile>
    <ClCompile Include="C:\Users\11452\Documents\github\temp\realtime_server\realtime_srv\net\NetworkMgr.cpp">
      <Filter>net</Filter>
    </ClCompile>
    <ClCompile Include="C:\Users\11452\Documents\github\temp\realtime_server\realtime_srv\net\UDPSocketInterface.cpp">
      <Filter>net</Filter>
    </ClCompile>
    <ClCompile Include="C:\Users\11452\Documents\github\temp\realtime_server\realtime_srv\rep\AckBitField.cpp">
      <Filter>rep</Filter>
    </ClCompile>
    <ClCompile Include="C:\Users\11452\Documents\github\temp\realtime_server\realtime_srv\rep\BitStream.cpp">
      <Filter>rep</Filter>
    </ClCompile>
    <ClCompile Include="C:\Users\11452\Documents\github\temp\realtime_server\realtime_srv\rep\DeliveryNotifyMgr.cpp">
      <Filter>rep</Filter>
    </ClCompile>
    <ClCompile Include="C:\Users\11452\Documents\github\temp\realtime_server\realtime_srv\rep\InFlightPacket.cpp">
      <Filter>rep</Filter>
    </ClCompile>
    <ClCompile Include="C:\Users\11452\Documents\github\temp\realtime_server\realtime_srv\rep\ReplicationMgr.cpp">
      <Filter>rep</Filter>
    </ClCompile>
  </ItemGroup>
  <ItemGroup>
    <ClInclude Include="C:\Users\11452\Documents\github\temp\realtime_server\realtime_srv\common\Macro.h">
      <Filter>common</Filter>
    </ClInclude>
    <ClInclude Include="C:\Users\11452\Documents\github\temp\realtime_server\realtime_srv\common\RealTimeSrvHelper.h">
      <Filter>common</Filter>
    </ClInclude>
    <ClInclude Include="C:\Users\11452\Documents\github\temp\realtime_server\realtime_srv\common\RealTimeSrvShared.h">
      <Filter>common</Filter>
    </ClInclude>
    <ClInclude Include="C:\Users\11452\Documents\github\temp\realtime_server\realtime_srv\common\RealTimeSrvTiming.h">
      <Filter>common</Filter>
    </ClInclude>
    <ClInclude Include="C:\Users\11452\Documents\github\temp\realtime_server\realtime_srv\entity\Action.h">
      <Filter>entity</Filter>
    </ClInclude>
    <ClInclude Include="C:\Users\11452\Documents\github\temp\realtime_server\realtime_srv\entity\ActionList.h">
      <Filter>entity</Filter>
    </ClInclude>
    <ClInclude Include="C:\Users\11452\Documents\github\temp\realtime_server\realtime_srv\entity\Entity.h">
      <Filter>entity</Filter>
    </ClInclude>
    <ClInclude Include="C:\Users\11452\Documents\github\temp\realtime_server\realtime_srv\entity\InputState.h">
      <Filter>entity</Filter>
    </ClInclude>
    <ClInclude Include="C:\Users\11452\Documents\github\temp\realtime_server\realtime_srv\math\Matrix3x3.h">
      <Filter>math</Filter>
    </ClInclude>
    <ClInclude Include="C:\Users\11452\Documents\github\temp\realtime_server\realtime_srv\math\Quaternion.h">
      <Filter>math</Filter>
    </ClInclude>
    <ClInclude Include="C:\Users\11452\Documents\github\temp\realtime_server\realtime_srv\math\RealTimeSrvMath.h">
      <Filter>math</Filter>
    </ClInclude>
    <ClInclude Include="C:\Users\11452\Documents\github\temp\realtime_server\realtime_srv\math\Vector2.h">
      <Filter>math</Filter>
    </ClInclude>
    <ClInclude Include="C:\Users\11452\Documents\github\temp\realtime_server\realtime_srv\math\Vector3.h">
      <Filter>math</Filter>
    </ClInclude>
    <ClInclude Include="C:\Users\11452\Documents\github\temp\realtime_server\realtime_srv\net\NetworkMgr.h">
      <Filter>net</Filter>
    </ClInclude>
    <ClInclude Include="C:\Users\11452\Documents\github\temp\realtime_server\realtime_srv\net\SocketAddrInterface.h">
      <Filter>net</Filter>
    </ClInclude>
    <ClInclude Include="C:\Users\11452\Documents\github\temp\realtime_server\realtime_srv\net\UDPSocketInterface.h">
      <Filter>net</Filter>
    </ClInclude>
    <ClInclude Include="C:\Users\11452\Documents\github\temp\realtime_server\realtime_srv\rep\AckBitField.h">
      <Filter>rep</Filter>
    </ClInclude>
    <ClInclude Include="C:\Users\11452\Documents\github\temp\realtime_server\realtime_srv\rep\BitStream.h">
      <Filter>rep</Filter>
    </ClInclude>
    <ClInclude Include="C:\Users\11452\Documents\github\temp\realtime_server\realtime_srv\rep\DeliveryNotifyMgr.h">
      <Filter>rep</Filter>
    </ClInclude>
    <ClInclude Include="C:\Users\11452\Documents\github\temp\realtime_server\realtime_srv\rep\InFlightPacket.h">
      <Filter>rep</Filter>
    </ClInclude>
    <ClInclude Include="C:\Users\11452\Documents\github\temp\realtime_server\realtime_srv\rep\ReplicationCmd.h">
      <Filter>rep</Filter>
    </ClInclude>
    <ClInclude Include="C:\Users\11452\Documents\github\temp\realtime_server\realtime_srv\rep\ReplicationMgr.h">
      <Filter>rep</Filter>
    </ClInclude>
  </ItemGroup>
  <ItemGroup>
    <CustomBuild Include="C:\Users\11452\Documents\github\temp\realtime_server\realtime_srv\CMakeLists.txt" />
  </ItemGroup>
  <ItemGroup>
    <Filter Include="common">
      <UniqueIdentifier>{42B7A863-D62B-336C-B65A-D0D723EFD9ED}</UniqueIdentifier>
    </Filter>
    <Filter Include="entity">
      <UniqueIdentifier>{500D510C-C21D-3AFE-90AA-7BA901D05310}</UniqueIdentifier>
    </Filter>
    <Filter Include="math">
      <UniqueIdentifier>{4060D35F-A9C2-36A7-A4D4-D8DB9DDF27A7}</UniqueIdentifier>
    </Filter>
    <Filter Include="net">
      <UniqueIdentifier>{0AAFF446-3796-300F-A0E8-128503A4402D}</UniqueIdentifier>
    </Filter>
    <Filter Include="rep">
      <UniqueIdentifier>{DFFCBBF8-0F5A-328F-8B76-0746AF4D1B51}</UniqueIdentifier>
    </Filter>
  </ItemGroup>
</Project>
