<?xml version="1.0" encoding="utf-8"?>
<Project ToolsVersion="4.0" xmlns="http://schemas.microsoft.com/developer/msbuild/2003">
  <ItemGroup>
    <Filter Include="common">
      <UniqueIdentifier>{93995380-89BD-4b04-88EB-625FBE52EBFB}</UniqueIdentifier>
      <Extensions>h;hh;hpp;hxx;hm;inl;inc;xsd</Extensions>
    </Filter>
    <Filter Include="math">
      <UniqueIdentifier>{67DA6AB6-F800-4c08-8B7A-83BB121AAD01}</UniqueIdentifier>
      <Extensions>rc;ico;cur;bmp;dlg;rc2;rct;bin;rgs;gif;jpg;jpeg;jpe;resx;tiff;tif;png;wav;mfcribbon-ms</Extensions>
    </Filter>
    <Filter Include="net">
      <UniqueIdentifier>{71c65f3b-4c42-4a16-804f-258fee9851bf}</UniqueIdentifier>
    </Filter>
    <Filter Include="rep">
      <UniqueIdentifier>{484d3a7a-9cec-41f3-9056-e1b6153bfe2e}</UniqueIdentifier>
    </Filter>
    <Filter Include="game_obj">
      <UniqueIdentifier>{4FC737F1-C7A5-4376-A066-2A32D752A2FF}</UniqueIdentifier>
      <Extensions>cpp;c;cc;cxx;def;odl;idl;hpj;bat;asm;asmx</Extensions>
    </Filter>
  </ItemGroup>
  <ItemGroup>
    <ClInclude Include="..\..\realtime_srv\math\Matrix3x3.h">
      <Filter>math</Filter>
    </ClInclude>
    <ClInclude Include="..\..\realtime_srv\math\Quaternion.h">
      <Filter>math</Filter>
    </ClInclude>
    <ClInclude Include="..\..\realtime_srv\math\Vector2.h">
      <Filter>math</Filter>
    </ClInclude>
    <ClInclude Include="..\..\realtime_srv\math\Vector3.h">
      <Filter>math</Filter>
    </ClInclude>
    <ClInclude Include="..\..\realtime_srv\net\NetworkMgr.h">
      <Filter>net</Filter>
    </ClInclude>
    <ClInclude Include="..\..\realtime_srv\rep\AckBitField.h">
      <Filter>rep</Filter>
    </ClInclude>
    <ClInclude Include="..\..\realtime_srv\rep\BitStream.h">
      <Filter>rep</Filter>
    </ClInclude>
    <ClInclude Include="..\..\realtime_srv\rep\DeliveryNotifyMgr.h">
      <Filter>rep</Filter>
    </ClInclude>
    <ClInclude Include="..\..\realtime_srv\rep\InFlightPacket.h">
      <Filter>rep</Filter>
    </ClInclude>
    <ClInclude Include="..\..\realtime_srv\rep\ReplicationCmd.h">
      <Filter>rep</Filter>
    </ClInclude>
    <ClInclude Include="..\..\realtime_srv\rep\ReplicationMgr.h">
      <Filter>rep</Filter>
    </ClInclude>
    <ClInclude Include="..\..\realtime_srv\net\ClientProxy.h">
      <Filter>net</Filter>
    </ClInclude>
    <ClInclude Include="..\..\realtime_srv\common\RealtimeSrvHelper.h">
      <Filter>common</Filter>
    </ClInclude>
    <ClInclude Include="..\..\realtime_srv\common\RealtimeSrvMacro.h">
      <Filter>common</Filter>
    </ClInclude>
    <ClInclude Include="..\..\realtime_srv\common\RealtimeSrvShared.h">
      <Filter>common</Filter>
    </ClInclude>
    <ClInclude Include="..\..\realtime_srv\math\RealtimeSrvMath.h">
      <Filter>math</Filter>
    </ClInclude>
    <ClInclude Include="..\..\realtime_srv\RealtimeServer.h" />
    <ClInclude Include="..\..\realtime_srv\common\noncopyable.h">
      <Filter>common</Filter>
    </ClInclude>
    <ClInclude Include="..\..\realtime_srv\net\SockAddrInterf.h">
      <Filter>net</Filter>
    </ClInclude>
    <ClInclude Include="..\..\realtime_srv\net\UdpSockInterf.h">
      <Filter>net</Filter>
    </ClInclude>
    <ClInclude Include="..\..\realtime_srv\game_obj\Action.h">
      <Filter>game_obj</Filter>
    </ClInclude>
    <ClInclude Include="..\..\realtime_srv\game_obj\ActionList.h">
      <Filter>game_obj</Filter>
    </ClInclude>
    <ClInclude Include="..\..\realtime_srv\game_obj\GameObj.h">
      <Filter>game_obj</Filter>
    </ClInclude>
    <ClInclude Include="..\..\realtime_srv\game_obj\InputState.h">
      <Filter>game_obj</Filter>
    </ClInclude>
    <ClInclude Include="..\..\realtime_srv\game_obj\World.h">
      <Filter>game_obj</Filter>
    </ClInclude>
    <ClInclude Include="..\..\realtime_srv\common\RealtimeSrvTiming.h">
      <Filter>common</Filter>
    </ClInclude>
    <ClInclude Include="..\..\realtime_srv\net\PktDispatcher.h">
      <Filter>net</Filter>
    </ClInclude>
    <ClInclude Include="..\..\realtime_srv\net\PktHandler.h">
      <Filter>net</Filter>
    </ClInclude>
    <ClInclude Include="..\..\realtime_srv\net\Packet.h">
      <Filter>net</Filter>
    </ClInclude>
  </ItemGroup>
  <ItemGroup>
    <ClCompile Include="..\..\realtime_srv\math\Vector3.cpp">
      <Filter>math</Filter>
    </ClCompile>
    <ClCompile Include="..\..\realtime_srv\net\NetworkMgr.cpp">
      <Filter>net</Filter>
    </ClCompile>
    <ClCompile Include="..\..\realtime_srv\rep\AckBitField.cpp">
      <Filter>rep</Filter>
    </ClCompile>
    <ClCompile Include="..\..\realtime_srv\rep\BitStream.cpp">
      <Filter>rep</Filter>
    </ClCompile>
    <ClCompile Include="..\..\realtime_srv\rep\DeliveryNotifyMgr.cpp">
      <Filter>rep</Filter>
    </ClCompile>
    <ClCompile Include="..\..\realtime_srv\rep\InFlightPacket.cpp">
      <Filter>rep</Filter>
    </ClCompile>
    <ClCompile Include="..\..\realtime_srv\rep\ReplicationMgr.cpp">
      <Filter>rep</Filter>
    </ClCompile>
    <ClCompile Include="..\..\realtime_srv\net\ClientProxy.cpp">
      <Filter>net</Filter>
    </ClCompile>
    <ClCompile Include="..\..\realtime_srv\math\RealtimeSrvMath.cpp">
      <Filter>math</Filter>
    </ClCompile>
    <ClCompile Include="..\..\realtime_srv\common\RealtimeSrvHelper.cpp">
      <Filter>common</Filter>
    </ClCompile>
    <ClCompile Include="..\..\realtime_srv\RealtimeServer.cpp" />
    <ClCompile Include="..\..\realtime_srv\net\UdpSockInterf.cpp">
      <Filter>net</Filter>
    </ClCompile>
    <ClCompile Include="..\..\realtime_srv\game_obj\Action.cpp">
      <Filter>game_obj</Filter>
    </ClCompile>
    <ClCompile Include="..\..\realtime_srv\game_obj\ActionList.cpp">
      <Filter>game_obj</Filter>
    </ClCompile>
    <ClCompile Include="..\..\realtime_srv\game_obj\GameObj.cpp">
      <Filter>game_obj</Filter>
    </ClCompile>
    <ClCompile Include="..\..\realtime_srv\game_obj\InputState.cpp">
      <Filter>game_obj</Filter>
    </ClCompile>
    <ClCompile Include="..\..\realtime_srv\game_obj\World.cpp">
      <Filter>game_obj</Filter>
    </ClCompile>
    <ClCompile Include="..\..\realtime_srv\common\RealtimeSrvTiming.cpp">
      <Filter>common</Filter>
    </ClCompile>
    <ClCompile Include="..\..\realtime_srv\net\PktDispatcher.cpp">
      <Filter>net</Filter>
    </ClCompile>
    <ClCompile Include="..\..\realtime_srv\net\PktHandler.cpp">
      <Filter>net</Filter>
    </ClCompile>
  </ItemGroup>
  <ItemGroup>
    <Text Include="..\..\realtime_srv\CMakeLists.txt" />
  </ItemGroup>
</Project>