
Microsoft Visual Studio Solution File, Format Version 12.00
# Visual Studio 14
VisualStudioVersion = 14.0.25420.1
MinimumVisualStudioVersion = 10.0.40219.1
Project("{8BC9CEB8-8B4A-11D0-8D11-00A0C91BC942}") = "example_for_ue4_demo", "example_for_ue4_demo\example_for_ue4_demo.vcxproj", "{CDDB2A39-D6CF-4AA7-8C57-E3DE5AFC32DF}"
EndProject
Project("{8BC9CEB8-8B4A-11D0-8D11-00A0C91BC942}") = "realtime_srv", "realtime_srv\realtime_srv.vcxproj", "{FBA19B08-A830-4090-94EA-A6559FD317F6}"
EndProject
Project("{8BC9CEB8-8B4A-11D0-8D11-00A0C91BC942}") = "lib", "lib\lib.vcxproj", "{5B6015EC-52C5-48B2-AA95-A7E113EDC72C}"
EndProject
Global
	GlobalSection(SolutionConfigurationPlatforms) = preSolution
		Debug|x64 = Debug|x64
		Debug|x86 = Debug|x86
		Release|x64 = Release|x64
		Release|x86 = Release|x86
	EndGlobalSection
	GlobalSection(ProjectConfigurationPlatforms) = postSolution
		{CDDB2A39-D6CF-4AA7-8C57-E3DE5AFC32DF}.Debug|x64.ActiveCfg = Debug|x64
		{CDDB2A39-D6CF-4AA7-8C57-E3DE5AFC32DF}.Debug|x64.Build.0 = Debug|x64
		{CDDB2A39-D6CF-4AA7-8C57-E3DE5AFC32DF}.Debug|x86.ActiveCfg = Debug|Win32
		{CDDB2A39-D6CF-4AA7-8C57-E3DE5AFC32DF}.Debug|x86.Build.0 = Debug|Win32
		{CDDB2A39-D6CF-4AA7-8C57-E3DE5AFC32DF}.Release|x64.ActiveCfg = Release|x64
		{CDDB2A39-D6CF-4AA7-8C57-E3DE5AFC32DF}.Release|x64.Build.0 = Release|x64
		{CDDB2A39-D6CF-4AA7-8C57-E3DE5AFC32DF}.Release|x86.ActiveCfg = Release|Win32
		{CDDB2A39-D6CF-4AA7-8C57-E3DE5AFC32DF}.Release|x86.Build.0 = Release|Win32
		{FBA19B08-A830-4090-94EA-A6559FD317F6}.Debug|x64.ActiveCfg = Debug|x64
		{FBA19B08-A830-4090-94EA-A6559FD317F6}.Debug|x64.Build.0 = Debug|x64
		{FBA19B08-A830-4090-94EA-A6559FD317F6}.Debug|x86.ActiveCfg = Debug|Win32
		{FBA19B08-A830-4090-94EA-A6559FD317F6}.Debug|x86.Build.0 = Debug|Win32
		{FBA19B08-A830-4090-94EA-A6559FD317F6}.Release|x64.ActiveCfg = Release|x64
		{FBA19B08-A830-4090-94EA-A6559FD317F6}.Release|x64.Build.0 = Release|x64
		{FBA19B08-A830-4090-94EA-A6559FD317F6}.Release|x86.ActiveCfg = Release|Win32
		{FBA19B08-A830-4090-94EA-A6559FD317F6}.Release|x86.Build.0 = Release|Win32
		{5B6015EC-52C5-48B2-AA95-A7E113EDC72C}.Debug|x64.ActiveCfg = Debug|x64
		{5B6015EC-52C5-48B2-AA95-A7E113EDC72C}.Debug|x64.Build.0 = Debug|x64
		{5B6015EC-52C5-48B2-AA95-A7E113EDC72C}.Debug|x86.ActiveCfg = Debug|Win32
		{5B6015EC-52C5-48B2-AA95-A7E113EDC72C}.Debug|x86.Build.0 = Debug|Win32
		{5B6015EC-52C5-48B2-AA95-A7E113EDC72C}.Release|x64.ActiveCfg = Release|x64
		{5B6015EC-52C5-48B2-AA95-A7E113EDC72C}.Release|x64.Build.0 = Release|x64
		{5B6015EC-52C5-48B2-AA95-A7E113EDC72C}.Release|x86.ActiveCfg = Release|Win32
		{5B6015EC-52C5-48B2-AA95-A7E113EDC72C}.Release|x86.Build.0 = Release|Win32
	EndGlobalSection
	GlobalSection(SolutionProperties) = preSolution
		HideSolutionNode = FALSE
	EndGlobalSection
EndGlobal
